// !$*UTF8*$!
{
	archiveVersion = 1;
	classes = {
	};
	objectVersion = 56;
	objects = {

/* Begin PBXBuildFile section */
		2ADE109929C8B7E800BA699E /* SPLITApp.swift in Sources */ = {isa = PBXBuildFile; fileRef = 2ADE109729C8B7E800BA699E /* SPLITApp.swift */; };
		2ADE109D29C8B7F600BA699E /* DependencyContainer.swift in Sources */ = {isa = PBXBuildFile; fileRef = 2ADE109C29C8B7F600BA699E /* DependencyContainer.swift */; };
		2ADFC50229C8B18300CD452B /* Preview Assets.xcassets in Resources */ = {isa = PBXBuildFile; fileRef = 2ADFC50129C8B18300CD452B /* Preview Assets.xcassets */; };
		ED9C724429CA0BE5006872ED /* Validated.swift in Sources */ = {isa = PBXBuildFile; fileRef = ED9C724329CA0BE5006872ED /* Validated.swift */; };
		EDDF73BD29CB5BE700D5D6D5 /* Assets.xcassets in Resources */ = {isa = PBXBuildFile; fileRef = EDDF73BC29CB5BE700D5D6D5 /* Assets.xcassets */; };
		EDDF73C829CB61D800D5D6D5 /* DesignSystem.framework in Frameworks */ = {isa = PBXBuildFile; fileRef = EDDF73C629CB607D00D5D6D5 /* DesignSystem.framework */; };
		EDDF73C929CB61D800D5D6D5 /* DesignSystem.framework in Embed Frameworks */ = {isa = PBXBuildFile; fileRef = EDDF73C629CB607D00D5D6D5 /* DesignSystem.framework */; settings = {ATTRIBUTES = (RemoveHeadersOnCopy, ); }; };
/* End PBXBuildFile section */

/* Begin PBXCopyFilesBuildPhase section */
		EDBF63F929CB510D00E53675 /* Embed Frameworks */ = {
			isa = PBXCopyFilesBuildPhase;
			buildActionMask = 2147483647;
			dstPath = "";
			dstSubfolderSpec = 10;
			files = (
				EDDF73C929CB61D800D5D6D5 /* DesignSystem.framework in Embed Frameworks */,
			);
			name = "Embed Frameworks";
			runOnlyForDeploymentPostprocessing = 0;
		};
/* End PBXCopyFilesBuildPhase section */

/* Begin PBXFileReference section */
		2ABCB5A929C8B793001E34DE /* Info.plist */ = {isa = PBXFileReference; lastKnownFileType = text.plist.xml; path = Info.plist; sourceTree = "<group>"; };
		2ADE109729C8B7E800BA699E /* SPLITApp.swift */ = {isa = PBXFileReference; fileEncoding = 4; lastKnownFileType = sourcecode.swift; path = SPLITApp.swift; sourceTree = "<group>"; };
		2ADE109C29C8B7F600BA699E /* DependencyContainer.swift */ = {isa = PBXFileReference; fileEncoding = 4; lastKnownFileType = sourcecode.swift; path = DependencyContainer.swift; sourceTree = "<group>"; };
		2ADFC4F729C8B18200CD452B /* SPLIT.app */ = {isa = PBXFileReference; explicitFileType = wrapper.application; includeInIndex = 0; path = SPLIT.app; sourceTree = BUILT_PRODUCTS_DIR; };
		2ADFC50129C8B18300CD452B /* Preview Assets.xcassets */ = {isa = PBXFileReference; lastKnownFileType = folder.assetcatalog; path = "Preview Assets.xcassets"; sourceTree = "<group>"; };
		ED9C724329CA0BE5006872ED /* Validated.swift */ = {isa = PBXFileReference; lastKnownFileType = sourcecode.swift; path = Validated.swift; sourceTree = "<group>"; };
		EDDF73BC29CB5BE700D5D6D5 /* Assets.xcassets */ = {isa = PBXFileReference; lastKnownFileType = folder.assetcatalog; path = Assets.xcassets; sourceTree = "<group>"; };
		EDDF73C629CB607D00D5D6D5 /* DesignSystem.framework */ = {isa = PBXFileReference; explicitFileType = wrapper.framework; path = DesignSystem.framework; sourceTree = BUILT_PRODUCTS_DIR; };
/* End PBXFileReference section */

/* Begin PBXFrameworksBuildPhase section */
		2ADFC4F429C8B18200CD452B /* Frameworks */ = {
			isa = PBXFrameworksBuildPhase;
			buildActionMask = 2147483647;
			files = (
				EDDF73C829CB61D800D5D6D5 /* DesignSystem.framework in Frameworks */,
			);
			runOnlyForDeploymentPostprocessing = 0;
		};
/* End PBXFrameworksBuildPhase section */

/* Begin PBXGroup section */
		2ACBA0CE29C8C4540077F9E4 /* Common */ = {
			isa = PBXGroup;
			children = (
				ED9C724229CA0BD6006872ED /* Helpers */,
			);
			path = Common;
			sourceTree = "<group>";
		};
		2ACBA0D429C8D7CF0077F9E4 /* Resources */ = {
			isa = PBXGroup;
			children = (
				EDDF73BC29CB5BE700D5D6D5 /* Assets.xcassets */,
			);
			path = Resources;
			sourceTree = "<group>";
		};
		2ADE109629C8B7E800BA699E /* App */ = {
			isa = PBXGroup;
			children = (
				2ACBA0CE29C8C4540077F9E4 /* Common */,
				2ADE109729C8B7E800BA699E /* SPLITApp.swift */,
			);
			path = App;
			sourceTree = "<group>";
		};
		2ADE109B29C8B7F600BA699E /* DependencyInjection */ = {
			isa = PBXGroup;
			children = (
				2ADE109C29C8B7F600BA699E /* DependencyContainer.swift */,
			);
			path = DependencyInjection;
			sourceTree = "<group>";
		};
		2ADFC4EE29C8B18200CD452B = {
			isa = PBXGroup;
			children = (
				2ADFC4F929C8B18200CD452B /* SPLIT */,
				2ADFC4F829C8B18200CD452B /* Products */,
				EDDF73C529CB607D00D5D6D5 /* Frameworks */,
			);
			sourceTree = "<group>";
		};
		2ADFC4F829C8B18200CD452B /* Products */ = {
			isa = PBXGroup;
			children = (
				2ADFC4F729C8B18200CD452B /* SPLIT.app */,
			);
			name = Products;
			sourceTree = "<group>";
		};
		2ADFC4F929C8B18200CD452B /* SPLIT */ = {
			isa = PBXGroup;
			children = (
				2ACBA0D429C8D7CF0077F9E4 /* Resources */,
				2ADE109629C8B7E800BA699E /* App */,
				2ADE109B29C8B7F600BA699E /* DependencyInjection */,
				2ABCB5A929C8B793001E34DE /* Info.plist */,
				2ADFC50029C8B18300CD452B /* Preview Content */,
			);
			path = SPLIT;
			sourceTree = "<group>";
		};
		2ADFC50029C8B18300CD452B /* Preview Content */ = {
			isa = PBXGroup;
			children = (
				2ADFC50129C8B18300CD452B /* Preview Assets.xcassets */,
			);
			path = "Preview Content";
			sourceTree = "<group>";
		};
		ED9C724229CA0BD6006872ED /* Helpers */ = {
			isa = PBXGroup;
			children = (
				ED9C724329CA0BE5006872ED /* Validated.swift */,
			);
			path = Helpers;
			sourceTree = "<group>";
		};
		EDDF73C529CB607D00D5D6D5 /* Frameworks */ = {
			isa = PBXGroup;
			children = (
				EDDF73C629CB607D00D5D6D5 /* DesignSystem.framework */,
			);
			name = Frameworks;
			sourceTree = "<group>";
		};
/* End PBXGroup section */

/* Begin PBXNativeTarget section */
		2ADFC4F629C8B18200CD452B /* SPLIT */ = {
			isa = PBXNativeTarget;
			buildConfigurationList = 2ADFC50529C8B18300CD452B /* Build configuration list for PBXNativeTarget "SPLIT" */;
			buildPhases = (
				2ADFC4F329C8B18200CD452B /* Sources */,
				2ADFC50829C8B20C00CD452B /* ShellScript */,
				2ADFC4F429C8B18200CD452B /* Frameworks */,
				2ADFC4F529C8B18200CD452B /* Resources */,
				EDBF63F929CB510D00E53675 /* Embed Frameworks */,
			);
			buildRules = (
			);
			dependencies = (
			);
			name = SPLIT;
			productName = SPLIT;
			productReference = 2ADFC4F729C8B18200CD452B /* SPLIT.app */;
			productType = "com.apple.product-type.application";
		};
/* End PBXNativeTarget section */

/* Begin PBXProject section */
		2ADFC4EF29C8B18200CD452B /* Project object */ = {
			isa = PBXProject;
			attributes = {
				BuildIndependentTargetsInParallel = 1;
				LastSwiftUpdateCheck = 1420;
				LastUpgradeCheck = 1420;
				TargetAttributes = {
					2ADFC4F629C8B18200CD452B = {
						CreatedOnToolsVersion = 14.2;
					};
				};
			};
			buildConfigurationList = 2ADFC4F229C8B18200CD452B /* Build configuration list for PBXProject "SPLIT" */;
			compatibilityVersion = "Xcode 14.0";
			developmentRegion = en;
			hasScannedForEncodings = 0;
			knownRegions = (
				en,
				Base,
			);
			mainGroup = 2ADFC4EE29C8B18200CD452B;
			productRefGroup = 2ADFC4F829C8B18200CD452B /* Products */;
			projectDirPath = "";
			projectRoot = "";
			targets = (
				2ADFC4F629C8B18200CD452B /* SPLIT */,
			);
		};
/* End PBXProject section */

/* Begin PBXResourcesBuildPhase section */
		2ADFC4F529C8B18200CD452B /* Resources */ = {
			isa = PBXResourcesBuildPhase;
			buildActionMask = 2147483647;
			files = (
				EDDF73BD29CB5BE700D5D6D5 /* Assets.xcassets in Resources */,
				2ADFC50229C8B18300CD452B /* Preview Assets.xcassets in Resources */,
			);
			runOnlyForDeploymentPostprocessing = 0;
		};
/* End PBXResourcesBuildPhase section */

/* Begin PBXShellScriptBuildPhase section */
		2ADFC50829C8B20C00CD452B /* ShellScript */ = {
			isa = PBXShellScriptBuildPhase;
			alwaysOutOfDate = 1;
			buildActionMask = 8;
			files = (
			);
			inputFileListPaths = (
			);
			inputPaths = (
			);
			outputFileListPaths = (
			);
			outputPaths = (
			);
			runOnlyForDeploymentPostprocessing = 1;
			shellPath = /bin/sh;
			shellScript = "if which swiftlint >/dev/null; then\n  swiftlint & swiftlint --fix\nelse\n  echo \"warning: SwiftLint not installed, download from https://github.com/realm/SwiftLint\"\nfi\n";
		};
/* End PBXShellScriptBuildPhase section */

/* Begin PBXSourcesBuildPhase section */
		2ADFC4F329C8B18200CD452B /* Sources */ = {
			isa = PBXSourcesBuildPhase;
			buildActionMask = 2147483647;
			files = (
				ED9C724429CA0BE5006872ED /* Validated.swift in Sources */,
				2ADE109D29C8B7F600BA699E /* DependencyContainer.swift in Sources */,
				2ADE109929C8B7E800BA699E /* SPLITApp.swift in Sources */,
			);
			runOnlyForDeploymentPostprocessing = 0;
		};
/* End PBXSourcesBuildPhase section */

/* Begin XCBuildConfiguration section */
		2ADFC50329C8B18300CD452B /* Debug */ = {
			isa = XCBuildConfiguration;
			buildSettings = {
				ALWAYS_SEARCH_USER_PATHS = NO;
				CLANG_ANALYZER_NONNULL = YES;
				CLANG_ANALYZER_NUMBER_OBJECT_CONVERSION = YES_AGGRESSIVE;
				CLANG_CXX_LANGUAGE_STANDARD = "gnu++20";
				CLANG_ENABLE_MODULES = YES;
				CLANG_ENABLE_OBJC_ARC = YES;
				CLANG_ENABLE_OBJC_WEAK = YES;
				CLANG_WARN_BLOCK_CAPTURE_AUTORELEASING = YES;
				CLANG_WARN_BOOL_CONVERSION = YES;
				CLANG_WARN_COMMA = YES;
				CLANG_WARN_CONSTANT_CONVERSION = YES;
				CLANG_WARN_DEPRECATED_OBJC_IMPLEMENTATIONS = YES;
				CLANG_WARN_DIRECT_OBJC_ISA_USAGE = YES_ERROR;
				CLANG_WARN_DOCUMENTATION_COMMENTS = YES;
				CLANG_WARN_EMPTY_BODY = YES;
				CLANG_WARN_ENUM_CONVERSION = YES;
				CLANG_WARN_INFINITE_RECURSION = YES;
				CLANG_WARN_INT_CONVERSION = YES;
				CLANG_WARN_NON_LITERAL_NULL_CONVERSION = YES;
				CLANG_WARN_OBJC_IMPLICIT_RETAIN_SELF = YES;
				CLANG_WARN_OBJC_LITERAL_CONVERSION = YES;
				CLANG_WARN_OBJC_ROOT_CLASS = YES_ERROR;
				CLANG_WARN_QUOTED_INCLUDE_IN_FRAMEWORK_HEADER = YES;
				CLANG_WARN_RANGE_LOOP_ANALYSIS = YES;
				CLANG_WARN_STRICT_PROTOTYPES = YES;
				CLANG_WARN_SUSPICIOUS_MOVE = YES;
				CLANG_WARN_UNGUARDED_AVAILABILITY = YES_AGGRESSIVE;
				CLANG_WARN_UNREACHABLE_CODE = YES;
				CLANG_WARN__DUPLICATE_METHOD_MATCH = YES;
				COPY_PHASE_STRIP = NO;
				DEBUG_INFORMATION_FORMAT = dwarf;
				ENABLE_STRICT_OBJC_MSGSEND = YES;
				ENABLE_TESTABILITY = YES;
				GCC_C_LANGUAGE_STANDARD = gnu11;
				GCC_DYNAMIC_NO_PIC = NO;
				GCC_NO_COMMON_BLOCKS = YES;
				GCC_OPTIMIZATION_LEVEL = 0;
				GCC_PREPROCESSOR_DEFINITIONS = (
					"DEBUG=1",
					"$(inherited)",
				);
				GCC_WARN_64_TO_32_BIT_CONVERSION = YES;
				GCC_WARN_ABOUT_RETURN_TYPE = YES_ERROR;
				GCC_WARN_UNDECLARED_SELECTOR = YES;
				GCC_WARN_UNINITIALIZED_AUTOS = YES_AGGRESSIVE;
				GCC_WARN_UNUSED_FUNCTION = YES;
				GCC_WARN_UNUSED_VARIABLE = YES;
				IPHONEOS_DEPLOYMENT_TARGET = 16.2;
				MTL_ENABLE_DEBUG_INFO = INCLUDE_SOURCE;
				MTL_FAST_MATH = YES;
				ONLY_ACTIVE_ARCH = YES;
				SDKROOT = iphoneos;
				SWIFT_ACTIVE_COMPILATION_CONDITIONS = DEBUG;
				SWIFT_OPTIMIZATION_LEVEL = "-Onone";
			};
			name = Debug;
		};
		2ADFC50429C8B18300CD452B /* Release */ = {
			isa = XCBuildConfiguration;
			buildSettings = {
				ALWAYS_SEARCH_USER_PATHS = NO;
				CLANG_ANALYZER_NONNULL = YES;
				CLANG_ANALYZER_NUMBER_OBJECT_CONVERSION = YES_AGGRESSIVE;
				CLANG_CXX_LANGUAGE_STANDARD = "gnu++20";
				CLANG_ENABLE_MODULES = YES;
				CLANG_ENABLE_OBJC_ARC = YES;
				CLANG_ENABLE_OBJC_WEAK = YES;
				CLANG_WARN_BLOCK_CAPTURE_AUTORELEASING = YES;
				CLANG_WARN_BOOL_CONVERSION = YES;
				CLANG_WARN_COMMA = YES;
				CLANG_WARN_CONSTANT_CONVERSION = YES;
				CLANG_WARN_DEPRECATED_OBJC_IMPLEMENTATIONS = YES;
				CLANG_WARN_DIRECT_OBJC_ISA_USAGE = YES_ERROR;
				CLANG_WARN_DOCUMENTATION_COMMENTS = YES;
				CLANG_WARN_EMPTY_BODY = YES;
				CLANG_WARN_ENUM_CONVERSION = YES;
				CLANG_WARN_INFINITE_RECURSION = YES;
				CLANG_WARN_INT_CONVERSION = YES;
				CLANG_WARN_NON_LITERAL_NULL_CONVERSION = YES;
				CLANG_WARN_OBJC_IMPLICIT_RETAIN_SELF = YES;
				CLANG_WARN_OBJC_LITERAL_CONVERSION = YES;
				CLANG_WARN_OBJC_ROOT_CLASS = YES_ERROR;
				CLANG_WARN_QUOTED_INCLUDE_IN_FRAMEWORK_HEADER = YES;
				CLANG_WARN_RANGE_LOOP_ANALYSIS = YES;
				CLANG_WARN_STRICT_PROTOTYPES = YES;
				CLANG_WARN_SUSPICIOUS_MOVE = YES;
				CLANG_WARN_UNGUARDED_AVAILABILITY = YES_AGGRESSIVE;
				CLANG_WARN_UNREACHABLE_CODE = YES;
				CLANG_WARN__DUPLICATE_METHOD_MATCH = YES;
				COPY_PHASE_STRIP = NO;
				DEBUG_INFORMATION_FORMAT = "dwarf-with-dsym";
				ENABLE_NS_ASSERTIONS = NO;
				ENABLE_STRICT_OBJC_MSGSEND = YES;
				GCC_C_LANGUAGE_STANDARD = gnu11;
				GCC_NO_COMMON_BLOCKS = YES;
				GCC_WARN_64_TO_32_BIT_CONVERSION = YES;
				GCC_WARN_ABOUT_RETURN_TYPE = YES_ERROR;
				GCC_WARN_UNDECLARED_SELECTOR = YES;
				GCC_WARN_UNINITIALIZED_AUTOS = YES_AGGRESSIVE;
				GCC_WARN_UNUSED_FUNCTION = YES;
				GCC_WARN_UNUSED_VARIABLE = YES;
				IPHONEOS_DEPLOYMENT_TARGET = 16.2;
				MTL_ENABLE_DEBUG_INFO = NO;
				MTL_FAST_MATH = YES;
				SDKROOT = iphoneos;
				SWIFT_COMPILATION_MODE = wholemodule;
				SWIFT_OPTIMIZATION_LEVEL = "-O";
				VALIDATE_PRODUCT = YES;
			};
			name = Release;
		};
		2ADFC50629C8B18300CD452B /* Debug */ = {
			isa = XCBuildConfiguration;
			buildSettings = {
				ASSETCATALOG_COMPILER_APPICON_NAME = AppIcon;
				ASSETCATALOG_COMPILER_GLOBAL_ACCENT_COLOR_NAME = AccentColor;
				ASSETCATALOG_COMPILER_INCLUDE_ALL_APPICON_ASSETS = YES;
				CODE_SIGN_STYLE = Automatic;
				CURRENT_PROJECT_VERSION = 1;
				DEVELOPMENT_ASSET_PATHS = "\"SPLIT/Preview Content\"";
				DEVELOPMENT_TEAM = Y5PGGD4YTX;
				ENABLE_PREVIEWS = YES;
				GENERATE_INFOPLIST_FILE = YES;
				INFOPLIST_FILE = SPLIT/Info.plist;
				INFOPLIST_KEY_UIApplicationSupportsIndirectInputEvents = YES;
				INFOPLIST_KEY_UILaunchScreen_Generation = NO;
				INFOPLIST_KEY_UIMainStoryboardFile = "";
				INFOPLIST_KEY_UIStatusBarStyle = UIStatusBarStyleLightContent;
				INFOPLIST_KEY_UISupportedInterfaceOrientations = UIInterfaceOrientationPortrait;
				INFOPLIST_KEY_UISupportedInterfaceOrientations_iPad = "UIInterfaceOrientationPortrait UIInterfaceOrientationPortraitUpsideDown";
				LD_RUNPATH_SEARCH_PATHS = (
					"$(inherited)",
					"@executable_path/Frameworks",
				);
				MARKETING_VERSION = 1.0;
				PRODUCT_BUNDLE_IDENTIFIER = de.kigroup.SPLIT;
				PRODUCT_NAME = "$(TARGET_NAME)";
				SWIFT_EMIT_LOC_STRINGS = YES;
				SWIFT_VERSION = 5.0;
				TARGETED_DEVICE_FAMILY = "1,2";
			};
			name = Debug;
		};
		2ADFC50729C8B18300CD452B /* Release */ = {
			isa = XCBuildConfiguration;
			buildSettings = {
				ASSETCATALOG_COMPILER_APPICON_NAME = AppIcon;
				ASSETCATALOG_COMPILER_GLOBAL_ACCENT_COLOR_NAME = AccentColor;
				ASSETCATALOG_COMPILER_INCLUDE_ALL_APPICON_ASSETS = YES;
				CODE_SIGN_STYLE = Automatic;
				CURRENT_PROJECT_VERSION = 1;
				DEVELOPMENT_ASSET_PATHS = "\"SPLIT/Preview Content\"";
				DEVELOPMENT_TEAM = Y5PGGD4YTX;
				ENABLE_PREVIEWS = YES;
				GENERATE_INFOPLIST_FILE = YES;
				INFOPLIST_FILE = SPLIT/Info.plist;
				INFOPLIST_KEY_UIApplicationSupportsIndirectInputEvents = YES;
				INFOPLIST_KEY_UILaunchScreen_Generation = NO;
				INFOPLIST_KEY_UIMainStoryboardFile = "";
				INFOPLIST_KEY_UIStatusBarStyle = UIStatusBarStyleLightContent;
				INFOPLIST_KEY_UISupportedInterfaceOrientations = UIInterfaceOrientationPortrait;
				INFOPLIST_KEY_UISupportedInterfaceOrientations_iPad = "UIInterfaceOrientationPortrait UIInterfaceOrientationPortraitUpsideDown";
				LD_RUNPATH_SEARCH_PATHS = (
					"$(inherited)",
					"@executable_path/Frameworks",
				);
				MARKETING_VERSION = 1.0;
				PRODUCT_BUNDLE_IDENTIFIER = de.kigroup.SPLIT;
				PRODUCT_NAME = "$(TARGET_NAME)";
				SWIFT_EMIT_LOC_STRINGS = YES;
				SWIFT_VERSION = 5.0;
				TARGETED_DEVICE_FAMILY = "1,2";
			};
			name = Release;
		};
/* End XCBuildConfiguration section */

/* Begin XCConfigurationList section */
		2ADFC4F229C8B18200CD452B /* Build configuration list for PBXProject "SPLIT" */ = {
			isa = XCConfigurationList;
			buildConfigurations = (
				2ADFC50329C8B18300CD452B /* Debug */,
				2ADFC50429C8B18300CD452B /* Release */,
			);
			defaultConfigurationIsVisible = 0;
			defaultConfigurationName = Release;
		};
		2ADFC50529C8B18300CD452B /* Build configuration list for PBXNativeTarget "SPLIT" */ = {
			isa = XCConfigurationList;
			buildConfigurations = (
				2ADFC50629C8B18300CD452B /* Debug */,
				2ADFC50729C8B18300CD452B /* Release */,
			);
			defaultConfigurationIsVisible = 0;
			defaultConfigurationName = Release;
		};
/* End XCConfigurationList section */
	};
	rootObject = 2ADFC4EF29C8B18200CD452B /* Project object */;
}
